<Solution>
  <Folder Name="/Task0/">
    <Project Path="Tyuiu.PlehanovaKA.Sprint0.Task0.V0/Tyuiu.PlehanovaKA.Sprint0.Task0.V0.csproj" />
  </Folder>
  <Folder Name="/Task1/">
    <Project Path="Tyuiu.PlehanovaKA.Sprint0.Task1.V0/Tyuiu.PlehanovaKA.Sprint0.Task1.V0.csproj" Id="42820d67-e6b0-452d-9cb8-f9a95d7c45e9" />
  </Folder>
  <Folder Name="/Task2/">
    <Project Path="Tyuiu.PlehanovaKA.Sprint0.Task2.V0.Lib/Tyuiu.PlehanovaKA.Sprint0.Task2.V0.Lib.csproj" Id="80232fea-96fa-4f04-adbb-b8f803b26378" />
    <Project Path="Tyuiu.PlehanovaKA.Sprint0.Task2.V0.Test/Tyuiu.PlehanovaKA.Sprint0.Task2.V0.Test.csproj" Id="438c4c72-0026-461b-af60-3df9c3895b2c" />
    <Project Path="Tyuiu.PlehanovaKA.Sprint0.Task2.V0/Tyuiu.PlehanovaKA.Sprint0.Task2.V0.csproj" Id="9af15b24-1c45-4052-8058-1f3a4b687178" />
  </Folder>
  <Folder Name="/Task3/">
    <Project Path="Tyuiu.PlehanovaKA.Sprint0.Task3.V0.Lib/Tyuiu.PlehanovaKA.Sprint0.Task3.V0.Lib.csproj" Id="51c5b8bf-629a-4446-ab93-710df99f318d" />
    <Project Path="Tyuiu.PlehanovaKA.Sprint0.Task3.V0.Test/Tyuiu.PlehanovaKA.Sprint0.Task3.V0.Test.csproj" Id="61fde643-6739-48c9-b9fe-7fe8da6ddc11" />
    <Project Path="using Tyuiu.PlehanovaKA.Sprint0.Task3V0/Tyuiu.PlehanovaKA.Sprint0.Task3.V0.csproj" Id="42897cbb-5ac7-440c-9e20-11ba2fe56218" />
  </Folder>
</Solution>
